// !$*UTF8*$!
{
	archiveVersion = 1;
	classes = {
	};
	objectVersion = 51;
	objects = {

/* Begin PBXBuildFile section */
		13765BF615D0020AD2BD0025 /* Pods_softec_app_2021.framework in Frameworks */ = {isa = PBXBuildFile; fileRef = A174456D2619620CF02ECF6C /* Pods_softec_app_2021.framework */; };
		A530247D267EA08800976189 /* ProductAddViewController.swift in Sources */ = {isa = PBXBuildFile; fileRef = A530247C267EA08800976189 /* ProductAddViewController.swift */; };
		A5302483267EA0FA00976189 /* ProductAddView.swift in Sources */ = {isa = PBXBuildFile; fileRef = A5302482267EA0FA00976189 /* ProductAddView.swift */; };
		A5302486267EA20A00976189 /* ProductAddViewController+.swift in Sources */ = {isa = PBXBuildFile; fileRef = A5302485267EA20A00976189 /* ProductAddViewController+.swift */; };
		A530248A267EAD0000976189 /* RegularSearchViewController.swift in Sources */ = {isa = PBXBuildFile; fileRef = A5302489267EAD0000976189 /* RegularSearchViewController.swift */; };
		A530248D267EAD2400976189 /* RegularSearchView.swift in Sources */ = {isa = PBXBuildFile; fileRef = A530248C267EAD2400976189 /* RegularSearchView.swift */; };
		A5302490267EADCF00976189 /* RegularSearchViewController+.swift in Sources */ = {isa = PBXBuildFile; fileRef = A530248F267EADCF00976189 /* RegularSearchViewController+.swift */; };
		A5302496267EB5B100976189 /* PlaceMarker.swift in Sources */ = {isa = PBXBuildFile; fileRef = A5302495267EB5B100976189 /* PlaceMarker.swift */; };
		A530249A267ECDE100976189 /* User.swift in Sources */ = {isa = PBXBuildFile; fileRef = A5302499267ECDE100976189 /* User.swift */; };
		A530249E267ED0A300976189 /* RealmModels.swift in Sources */ = {isa = PBXBuildFile; fileRef = A530249D267ED0A300976189 /* RealmModels.swift */; };
		A53024A2267ED27700976189 /* UserDBHandler.swift in Sources */ = {isa = PBXBuildFile; fileRef = A53024A1267ED27700976189 /* UserDBHandler.swift */; };
		A53024A7267ED44F00976189 /* BusinessDBHandler.swift in Sources */ = {isa = PBXBuildFile; fileRef = A53024A6267ED44F00976189 /* BusinessDBHandler.swift */; };
		A53024AB267ED7A000976189 /* UserDataModel.swift in Sources */ = {isa = PBXBuildFile; fileRef = A53024AA267ED7A000976189 /* UserDataModel.swift */; };
		A53024AF267EDFC800976189 /* BusinessDataModel.swift in Sources */ = {isa = PBXBuildFile; fileRef = A53024AE267EDFC800976189 /* BusinessDataModel.swift */; };
		A53024B5267EE0C000976189 /* PhoneNumberViewContoller.swift in Sources */ = {isa = PBXBuildFile; fileRef = A53024B4267EE0C000976189 /* PhoneNumberViewContoller.swift */; };
		A53024C1267EECF800976189 /* Localizable.strings in Resources */ = {isa = PBXBuildFile; fileRef = A53024C3267EECF800976189 /* Localizable.strings */; };
		A53024C9267EEEE000976189 /* CartViewController.swift in Sources */ = {isa = PBXBuildFile; fileRef = A53024C8267EEEE000976189 /* CartViewController.swift */; };
		A53024CD267EEF1E00976189 /* RegularCartView.swift in Sources */ = {isa = PBXBuildFile; fileRef = A53024CC267EEF1E00976189 /* RegularCartView.swift */; };
		A53024D0267EF51F00976189 /* StripeClient.swift in Sources */ = {isa = PBXBuildFile; fileRef = A53024CF267EF51F00976189 /* StripeClient.swift */; };
		A53024F4267EF73300976189 /* ReaderDiscoveryViewController.swift in Sources */ = {isa = PBXBuildFile; fileRef = A53024F3267EF73300976189 /* ReaderDiscoveryViewController.swift */; };
		A53024F7267F03C700976189 /* CheckoutViewController.swift in Sources */ = {isa = PBXBuildFile; fileRef = A53024F6267F03C700976189 /* CheckoutViewController.swift */; };
		A53B877A267DE7C700D9E908 /* util.swift in Sources */ = {isa = PBXBuildFile; fileRef = A53B8779267DE7C700D9E908 /* util.swift */; };
		A53B877D267DE88800D9E908 /* Constants.swift in Sources */ = {isa = PBXBuildFile; fileRef = A53B877C267DE88800D9E908 /* Constants.swift */; };
		A53B87B1267E091100D9E908 /* GoogleService-Info.plist in Resources */ = {isa = PBXBuildFile; fileRef = A53B87B0267E091100D9E908 /* GoogleService-Info.plist */; };
		A53B87B5267E094600D9E908 /* Business.swift in Sources */ = {isa = PBXBuildFile; fileRef = A53B87B4267E094600D9E908 /* Business.swift */; };
		A53B87DF267E10B200D9E908 /* UIButton+.swift in Sources */ = {isa = PBXBuildFile; fileRef = A53B87DE267E10B200D9E908 /* UIButton+.swift */; };
		A53B87E5267E132A00D9E908 /* PageVC.swift in Sources */ = {isa = PBXBuildFile; fileRef = A53B87E4267E132A00D9E908 /* PageVC.swift */; };
		A53B87E9267E133B00D9E908 /* SignupViewController+.swift in Sources */ = {isa = PBXBuildFile; fileRef = A53B87E8267E133B00D9E908 /* SignupViewController+.swift */; };
		A53B87EC267E148400D9E908 /* UIViewController+.swift in Sources */ = {isa = PBXBuildFile; fileRef = A53B87EB267E148400D9E908 /* UIViewController+.swift */; };
		A53B87F0267E14ED00D9E908 /* SignupView.swift in Sources */ = {isa = PBXBuildFile; fileRef = A53B87EF267E14ED00D9E908 /* SignupView.swift */; };
		A53B87F6267E239F00D9E908 /* ProfileTypeViewController.swift in Sources */ = {isa = PBXBuildFile; fileRef = A53B87F5267E239F00D9E908 /* ProfileTypeViewController.swift */; };
		A53B87FB267E287C00D9E908 /* OTPViewController.swift in Sources */ = {isa = PBXBuildFile; fileRef = A53B87FA267E287C00D9E908 /* OTPViewController.swift */; };
		A53B87FF267E28D800D9E908 /* UIStackView+.swift in Sources */ = {isa = PBXBuildFile; fileRef = A53B87FE267E28D800D9E908 /* UIStackView+.swift */; };
		A53B8802267E28FD00D9E908 /* OTPViewController+.swift in Sources */ = {isa = PBXBuildFile; fileRef = A53B8801267E28FD00D9E908 /* OTPViewController+.swift */; };
		A53B8805267E29B600D9E908 /* UITextField.swift in Sources */ = {isa = PBXBuildFile; fileRef = A53B8804267E29B600D9E908 /* UITextField.swift */; };
		A53B8809267E2E0A00D9E908 /* RegularRegisterViewController.swift in Sources */ = {isa = PBXBuildFile; fileRef = A53B8808267E2E0A00D9E908 /* RegularRegisterViewController.swift */; };
		A53B880D267E2E2600D9E908 /* RegularRegisterView.swift in Sources */ = {isa = PBXBuildFile; fileRef = A53B880C267E2E2600D9E908 /* RegularRegisterView.swift */; };
		A53B8811267E35F500D9E908 /* RegularRegisterViewController+.swift in Sources */ = {isa = PBXBuildFile; fileRef = A53B8810267E35F500D9E908 /* RegularRegisterViewController+.swift */; };
		A53B8814267E397A00D9E908 /* Validation.swift in Sources */ = {isa = PBXBuildFile; fileRef = A53B8813267E397A00D9E908 /* Validation.swift */; };
		A53B8817267E3FE300D9E908 /* ModelEnum.swift in Sources */ = {isa = PBXBuildFile; fileRef = A53B8816267E3FE300D9E908 /* ModelEnum.swift */; };
		A53B881D267E417D00D9E908 /* BusinessRegisterViewController.swift in Sources */ = {isa = PBXBuildFile; fileRef = A53B881C267E417D00D9E908 /* BusinessRegisterViewController.swift */; };
		A53B8822267E41A500D9E908 /* BusinessRegisterView.swift in Sources */ = {isa = PBXBuildFile; fileRef = A53B8821267E41A500D9E908 /* BusinessRegisterView.swift */; };
		A53B8826267E41C500D9E908 /* BusinessCatalogView.swift in Sources */ = {isa = PBXBuildFile; fileRef = A53B8825267E41C500D9E908 /* BusinessCatalogView.swift */; };
		A53B882A267E41F300D9E908 /* BusinessRegisterViewController+.swift in Sources */ = {isa = PBXBuildFile; fileRef = A53B8829267E41F300D9E908 /* BusinessRegisterViewController+.swift */; };
		A53B882D267E423800D9E908 /* RegularHomeView.swift in Sources */ = {isa = PBXBuildFile; fileRef = A53B882C267E423800D9E908 /* RegularHomeView.swift */; };
		A53B883B267E42E200D9E908 /* BusinessCatalogViewController.swift in Sources */ = {isa = PBXBuildFile; fileRef = A53B883A267E42E200D9E908 /* BusinessCatalogViewController.swift */; };
		A5816D99267DD7ED00FE3A33 /* AppDelegate.swift in Sources */ = {isa = PBXBuildFile; fileRef = A5816D98267DD7ED00FE3A33 /* AppDelegate.swift */; };
		A5816D9B267DD7ED00FE3A33 /* SceneDelegate.swift in Sources */ = {isa = PBXBuildFile; fileRef = A5816D9A267DD7ED00FE3A33 /* SceneDelegate.swift */; };
		A5816D9D267DD7ED00FE3A33 /* SignupViewController.swift in Sources */ = {isa = PBXBuildFile; fileRef = A5816D9C267DD7ED00FE3A33 /* SignupViewController.swift */; };
		A5816DA0267DD7ED00FE3A33 /* Main.storyboard in Resources */ = {isa = PBXBuildFile; fileRef = A5816D9E267DD7ED00FE3A33 /* Main.storyboard */; };
		A5816DA2267DD7EF00FE3A33 /* Assets.xcassets in Resources */ = {isa = PBXBuildFile; fileRef = A5816DA1267DD7EF00FE3A33 /* Assets.xcassets */; };
		A5816DA5267DD7EF00FE3A33 /* LaunchScreen.storyboard in Resources */ = {isa = PBXBuildFile; fileRef = A5816DA3267DD7EF00FE3A33 /* LaunchScreen.storyboard */; };
		A5C4EA4F267E67410028F115 /* CategoryCollectionViewCell.swift in Sources */ = {isa = PBXBuildFile; fileRef = A5C4EA4D267E67410028F115 /* CategoryCollectionViewCell.swift */; };
		A5C4EA50267E67410028F115 /* CategoryCollectionViewCell.xib in Resources */ = {isa = PBXBuildFile; fileRef = A5C4EA4E267E67410028F115 /* CategoryCollectionViewCell.xib */; };
		A5C4EA58267E68C80028F115 /* ProductCollectionViewCell.swift in Sources */ = {isa = PBXBuildFile; fileRef = A5C4EA56267E68C80028F115 /* ProductCollectionViewCell.swift */; };
		A5C4EA59267E68C80028F115 /* ProductCollectionViewCell.xib in Resources */ = {isa = PBXBuildFile; fileRef = A5C4EA57267E68C80028F115 /* ProductCollectionViewCell.xib */; };
		A5C4EA5D267E69C80028F115 /* BusinessCatalogViewController+.swift in Sources */ = {isa = PBXBuildFile; fileRef = A5C4EA5C267E69C80028F115 /* BusinessCatalogViewController+.swift */; };
		A5C4EA63267E7A340028F115 /* FeedbackTableViewCell.swift in Sources */ = {isa = PBXBuildFile; fileRef = A5C4EA61267E7A340028F115 /* FeedbackTableViewCell.swift */; };
		A5C4EA64267E7A340028F115 /* FeedbackTableViewCell.xib in Resources */ = {isa = PBXBuildFile; fileRef = A5C4EA62267E7A340028F115 /* FeedbackTableViewCell.xib */; };
		A5C4EA70267E7D250028F115 /* FeedbackViewController.swift in Sources */ = {isa = PBXBuildFile; fileRef = A5C4EA6F267E7D250028F115 /* FeedbackViewController.swift */; };
		A5C4EA73267E7DEB0028F115 /* FeedbackViewController+.swift in Sources */ = {isa = PBXBuildFile; fileRef = A5C4EA72267E7DEB0028F115 /* FeedbackViewController+.swift */; };
		A5C4EA77267E81510028F115 /* OrderListViewController.swift in Sources */ = {isa = PBXBuildFile; fileRef = A5C4EA76267E81510028F115 /* OrderListViewController.swift */; };
		A5C4EA7B267E81D10028F115 /* OrderListViewController+.swift in Sources */ = {isa = PBXBuildFile; fileRef = A5C4EA7A267E81D10028F115 /* OrderListViewController+.swift */; };
		A5C4EA7E267E82260028F115 /* OrderListView.swift in Sources */ = {isa = PBXBuildFile; fileRef = A5C4EA7D267E82260028F115 /* OrderListView.swift */; };
		A5C4EA83267E837B0028F115 /* OrderListTableViewCell.swift in Sources */ = {isa = PBXBuildFile; fileRef = A5C4EA81267E837B0028F115 /* OrderListTableViewCell.swift */; };
		A5C4EA84267E837B0028F115 /* OrderListTableViewCell.xib in Resources */ = {isa = PBXBuildFile; fileRef = A5C4EA82267E837B0028F115 /* OrderListTableViewCell.xib */; };
		A5C4EA8C267E86DA0028F115 /* OrderListCollectionViewCell.swift in Sources */ = {isa = PBXBuildFile; fileRef = A5C4EA8A267E86DA0028F115 /* OrderListCollectionViewCell.swift */; };
		A5C4EA8D267E86DA0028F115 /* OrderListCollectionViewCell.xib in Resources */ = {isa = PBXBuildFile; fileRef = A5C4EA8B267E86DA0028F115 /* OrderListCollectionViewCell.xib */; };
/* End PBXBuildFile section */

/* Begin PBXFileReference section */
		68BED80A6A823E4C0BDE6ECE /* Pods-softec-app-2021.release.xcconfig */ = {isa = PBXFileReference; includeInIndex = 1; lastKnownFileType = text.xcconfig; name = "Pods-softec-app-2021.release.xcconfig"; path = "Target Support Files/Pods-softec-app-2021/Pods-softec-app-2021.release.xcconfig"; sourceTree = "<group>"; };
		A174456D2619620CF02ECF6C /* Pods_softec_app_2021.framework */ = {isa = PBXFileReference; explicitFileType = wrapper.framework; includeInIndex = 0; path = Pods_softec_app_2021.framework; sourceTree = BUILT_PRODUCTS_DIR; };
		A530247C267EA08800976189 /* ProductAddViewController.swift */ = {isa = PBXFileReference; lastKnownFileType = sourcecode.swift; path = ProductAddViewController.swift; sourceTree = "<group>"; };
		A5302482267EA0FA00976189 /* ProductAddView.swift */ = {isa = PBXFileReference; lastKnownFileType = sourcecode.swift; path = ProductAddView.swift; sourceTree = "<group>"; };
		A5302485267EA20A00976189 /* ProductAddViewController+.swift */ = {isa = PBXFileReference; lastKnownFileType = sourcecode.swift; path = "ProductAddViewController+.swift"; sourceTree = "<group>"; };
		A5302489267EAD0000976189 /* RegularSearchViewController.swift */ = {isa = PBXFileReference; lastKnownFileType = sourcecode.swift; path = RegularSearchViewController.swift; sourceTree = "<group>"; };
		A530248C267EAD2400976189 /* RegularSearchView.swift */ = {isa = PBXFileReference; lastKnownFileType = sourcecode.swift; path = RegularSearchView.swift; sourceTree = "<group>"; };
		A530248F267EADCF00976189 /* RegularSearchViewController+.swift */ = {isa = PBXFileReference; lastKnownFileType = sourcecode.swift; path = "RegularSearchViewController+.swift"; sourceTree = "<group>"; };
		A5302495267EB5B100976189 /* PlaceMarker.swift */ = {isa = PBXFileReference; lastKnownFileType = sourcecode.swift; path = PlaceMarker.swift; sourceTree = "<group>"; };
		A5302499267ECDE100976189 /* User.swift */ = {isa = PBXFileReference; lastKnownFileType = sourcecode.swift; path = User.swift; sourceTree = "<group>"; };
		A530249D267ED0A300976189 /* RealmModels.swift */ = {isa = PBXFileReference; lastKnownFileType = sourcecode.swift; path = RealmModels.swift; sourceTree = "<group>"; };
		A53024A1267ED27700976189 /* UserDBHandler.swift */ = {isa = PBXFileReference; lastKnownFileType = sourcecode.swift; path = UserDBHandler.swift; sourceTree = "<group>"; };
		A53024A6267ED44F00976189 /* BusinessDBHandler.swift */ = {isa = PBXFileReference; lastKnownFileType = sourcecode.swift; path = BusinessDBHandler.swift; sourceTree = "<group>"; };
		A53024AA267ED7A000976189 /* UserDataModel.swift */ = {isa = PBXFileReference; lastKnownFileType = sourcecode.swift; path = UserDataModel.swift; sourceTree = "<group>"; };
		A53024AE267EDFC800976189 /* BusinessDataModel.swift */ = {isa = PBXFileReference; lastKnownFileType = sourcecode.swift; path = BusinessDataModel.swift; sourceTree = "<group>"; };
		A53024B4267EE0C000976189 /* PhoneNumberViewContoller.swift */ = {isa = PBXFileReference; lastKnownFileType = sourcecode.swift; path = PhoneNumberViewContoller.swift; sourceTree = "<group>"; };
		A53024BD267EEC0E00976189 /* fr */ = {isa = PBXFileReference; lastKnownFileType = text.plist.strings; name = fr; path = fr.lproj/Main.strings; sourceTree = "<group>"; };
		A53024C2267EECF800976189 /* en */ = {isa = PBXFileReference; lastKnownFileType = text.plist.strings; name = en; path = en.lproj/Localizable.strings; sourceTree = "<group>"; };
		A53024C5267EED0200976189 /* fr */ = {isa = PBXFileReference; lastKnownFileType = text.plist.strings; name = fr; path = fr.lproj/Localizable.strings; sourceTree = "<group>"; };
		A53024C8267EEEE000976189 /* CartViewController.swift */ = {isa = PBXFileReference; lastKnownFileType = sourcecode.swift; path = CartViewController.swift; sourceTree = "<group>"; };
		A53024CC267EEF1E00976189 /* RegularCartView.swift */ = {isa = PBXFileReference; lastKnownFileType = sourcecode.swift; path = RegularCartView.swift; sourceTree = "<group>"; };
		A53024CF267EF51F00976189 /* StripeClient.swift */ = {isa = PBXFileReference; lastKnownFileType = sourcecode.swift; path = StripeClient.swift; sourceTree = "<group>"; };
		A53024F3267EF73300976189 /* ReaderDiscoveryViewController.swift */ = {isa = PBXFileReference; lastKnownFileType = sourcecode.swift; path = ReaderDiscoveryViewController.swift; sourceTree = "<group>"; };
		A53024F6267F03C700976189 /* CheckoutViewController.swift */ = {isa = PBXFileReference; lastKnownFileType = sourcecode.swift; path = CheckoutViewController.swift; sourceTree = "<group>"; };
		A53B8779267DE7C700D9E908 /* util.swift */ = {isa = PBXFileReference; lastKnownFileType = sourcecode.swift; path = util.swift; sourceTree = "<group>"; };
		A53B877C267DE88800D9E908 /* Constants.swift */ = {isa = PBXFileReference; lastKnownFileType = sourcecode.swift; path = Constants.swift; sourceTree = "<group>"; };
		A53B87B0267E091100D9E908 /* GoogleService-Info.plist */ = {isa = PBXFileReference; fileEncoding = 4; lastKnownFileType = text.plist.xml; path = "GoogleService-Info.plist"; sourceTree = "<group>"; };
		A53B87B4267E094600D9E908 /* Business.swift */ = {isa = PBXFileReference; lastKnownFileType = sourcecode.swift; path = Business.swift; sourceTree = "<group>"; };
		A53B87DE267E10B200D9E908 /* UIButton+.swift */ = {isa = PBXFileReference; lastKnownFileType = sourcecode.swift; path = "UIButton+.swift"; sourceTree = "<group>"; };
		A53B87E4267E132A00D9E908 /* PageVC.swift */ = {isa = PBXFileReference; lastKnownFileType = sourcecode.swift; path = PageVC.swift; sourceTree = "<group>"; };
		A53B87E8267E133B00D9E908 /* SignupViewController+.swift */ = {isa = PBXFileReference; lastKnownFileType = sourcecode.swift; path = "SignupViewController+.swift"; sourceTree = "<group>"; };
		A53B87EB267E148400D9E908 /* UIViewController+.swift */ = {isa = PBXFileReference; lastKnownFileType = sourcecode.swift; path = "UIViewController+.swift"; sourceTree = "<group>"; };
		A53B87EF267E14ED00D9E908 /* SignupView.swift */ = {isa = PBXFileReference; lastKnownFileType = sourcecode.swift; path = SignupView.swift; sourceTree = "<group>"; };
		A53B87F5267E239F00D9E908 /* ProfileTypeViewController.swift */ = {isa = PBXFileReference; lastKnownFileType = sourcecode.swift; path = ProfileTypeViewController.swift; sourceTree = "<group>"; };
		A53B87FA267E287C00D9E908 /* OTPViewController.swift */ = {isa = PBXFileReference; lastKnownFileType = sourcecode.swift; path = OTPViewController.swift; sourceTree = "<group>"; };
		A53B87FE267E28D800D9E908 /* UIStackView+.swift */ = {isa = PBXFileReference; lastKnownFileType = sourcecode.swift; path = "UIStackView+.swift"; sourceTree = "<group>"; };
		A53B8801267E28FD00D9E908 /* OTPViewController+.swift */ = {isa = PBXFileReference; lastKnownFileType = sourcecode.swift; path = "OTPViewController+.swift"; sourceTree = "<group>"; };
		A53B8804267E29B600D9E908 /* UITextField.swift */ = {isa = PBXFileReference; lastKnownFileType = sourcecode.swift; path = UITextField.swift; sourceTree = "<group>"; };
		A53B8808267E2E0A00D9E908 /* RegularRegisterViewController.swift */ = {isa = PBXFileReference; lastKnownFileType = sourcecode.swift; path = RegularRegisterViewController.swift; sourceTree = "<group>"; };
		A53B880C267E2E2600D9E908 /* RegularRegisterView.swift */ = {isa = PBXFileReference; lastKnownFileType = sourcecode.swift; path = RegularRegisterView.swift; sourceTree = "<group>"; };
		A53B8810267E35F500D9E908 /* RegularRegisterViewController+.swift */ = {isa = PBXFileReference; lastKnownFileType = sourcecode.swift; path = "RegularRegisterViewController+.swift"; sourceTree = "<group>"; };
		A53B8813267E397A00D9E908 /* Validation.swift */ = {isa = PBXFileReference; lastKnownFileType = sourcecode.swift; path = Validation.swift; sourceTree = "<group>"; };
		A53B8816267E3FE300D9E908 /* ModelEnum.swift */ = {isa = PBXFileReference; lastKnownFileType = sourcecode.swift; path = ModelEnum.swift; sourceTree = "<group>"; };
		A53B881C267E417D00D9E908 /* BusinessRegisterViewController.swift */ = {isa = PBXFileReference; lastKnownFileType = sourcecode.swift; path = BusinessRegisterViewController.swift; sourceTree = "<group>"; };
		A53B8821267E41A500D9E908 /* BusinessRegisterView.swift */ = {isa = PBXFileReference; lastKnownFileType = sourcecode.swift; path = BusinessRegisterView.swift; sourceTree = "<group>"; };
		A53B8825267E41C500D9E908 /* BusinessCatalogView.swift */ = {isa = PBXFileReference; lastKnownFileType = sourcecode.swift; path = BusinessCatalogView.swift; sourceTree = "<group>"; };
		A53B8829267E41F300D9E908 /* BusinessRegisterViewController+.swift */ = {isa = PBXFileReference; lastKnownFileType = sourcecode.swift; path = "BusinessRegisterViewController+.swift"; sourceTree = "<group>"; };
		A53B882C267E423800D9E908 /* RegularHomeView.swift */ = {isa = PBXFileReference; lastKnownFileType = sourcecode.swift; path = RegularHomeView.swift; sourceTree = "<group>"; };
		A53B883A267E42E200D9E908 /* BusinessCatalogViewController.swift */ = {isa = PBXFileReference; lastKnownFileType = sourcecode.swift; path = BusinessCatalogViewController.swift; sourceTree = "<group>"; };
		A5816D95267DD7ED00FE3A33 /* softec-app-2021.app */ = {isa = PBXFileReference; explicitFileType = wrapper.application; includeInIndex = 0; path = "softec-app-2021.app"; sourceTree = BUILT_PRODUCTS_DIR; };
		A5816D98267DD7ED00FE3A33 /* AppDelegate.swift */ = {isa = PBXFileReference; lastKnownFileType = sourcecode.swift; path = AppDelegate.swift; sourceTree = "<group>"; };
		A5816D9A267DD7ED00FE3A33 /* SceneDelegate.swift */ = {isa = PBXFileReference; lastKnownFileType = sourcecode.swift; path = SceneDelegate.swift; sourceTree = "<group>"; };
		A5816D9C267DD7ED00FE3A33 /* SignupViewController.swift */ = {isa = PBXFileReference; lastKnownFileType = sourcecode.swift; path = SignupViewController.swift; sourceTree = "<group>"; };
		A5816D9F267DD7ED00FE3A33 /* Base */ = {isa = PBXFileReference; lastKnownFileType = file.storyboard; name = Base; path = Base.lproj/Main.storyboard; sourceTree = "<group>"; };
		A5816DA1267DD7EF00FE3A33 /* Assets.xcassets */ = {isa = PBXFileReference; lastKnownFileType = folder.assetcatalog; path = Assets.xcassets; sourceTree = "<group>"; };
		A5816DA4267DD7EF00FE3A33 /* Base */ = {isa = PBXFileReference; lastKnownFileType = file.storyboard; name = Base; path = Base.lproj/LaunchScreen.storyboard; sourceTree = "<group>"; };
		A5816DA6267DD7EF00FE3A33 /* Info.plist */ = {isa = PBXFileReference; lastKnownFileType = text.plist.xml; path = Info.plist; sourceTree = "<group>"; };
		A5C4EA4D267E67410028F115 /* CategoryCollectionViewCell.swift */ = {isa = PBXFileReference; lastKnownFileType = sourcecode.swift; path = CategoryCollectionViewCell.swift; sourceTree = "<group>"; };
		A5C4EA4E267E67410028F115 /* CategoryCollectionViewCell.xib */ = {isa = PBXFileReference; lastKnownFileType = file.xib; path = CategoryCollectionViewCell.xib; sourceTree = "<group>"; };
		A5C4EA56267E68C80028F115 /* ProductCollectionViewCell.swift */ = {isa = PBXFileReference; lastKnownFileType = sourcecode.swift; path = ProductCollectionViewCell.swift; sourceTree = "<group>"; };
		A5C4EA57267E68C80028F115 /* ProductCollectionViewCell.xib */ = {isa = PBXFileReference; lastKnownFileType = file.xib; path = ProductCollectionViewCell.xib; sourceTree = "<group>"; };
		A5C4EA5C267E69C80028F115 /* BusinessCatalogViewController+.swift */ = {isa = PBXFileReference; lastKnownFileType = sourcecode.swift; path = "BusinessCatalogViewController+.swift"; sourceTree = "<group>"; };
		A5C4EA61267E7A340028F115 /* FeedbackTableViewCell.swift */ = {isa = PBXFileReference; lastKnownFileType = sourcecode.swift; path = FeedbackTableViewCell.swift; sourceTree = "<group>"; };
		A5C4EA62267E7A340028F115 /* FeedbackTableViewCell.xib */ = {isa = PBXFileReference; lastKnownFileType = file.xib; path = FeedbackTableViewCell.xib; sourceTree = "<group>"; };
		A5C4EA6F267E7D250028F115 /* FeedbackViewController.swift */ = {isa = PBXFileReference; lastKnownFileType = sourcecode.swift; path = FeedbackViewController.swift; sourceTree = "<group>"; };
		A5C4EA72267E7DEB0028F115 /* FeedbackViewController+.swift */ = {isa = PBXFileReference; lastKnownFileType = sourcecode.swift; path = "FeedbackViewController+.swift"; sourceTree = "<group>"; };
		A5C4EA76267E81510028F115 /* OrderListViewController.swift */ = {isa = PBXFileReference; lastKnownFileType = sourcecode.swift; path = OrderListViewController.swift; sourceTree = "<group>"; };
		A5C4EA7A267E81D10028F115 /* OrderListViewController+.swift */ = {isa = PBXFileReference; lastKnownFileType = sourcecode.swift; path = "OrderListViewController+.swift"; sourceTree = "<group>"; };
		A5C4EA7D267E82260028F115 /* OrderListView.swift */ = {isa = PBXFileReference; lastKnownFileType = sourcecode.swift; path = OrderListView.swift; sourceTree = "<group>"; };
		A5C4EA81267E837B0028F115 /* OrderListTableViewCell.swift */ = {isa = PBXFileReference; lastKnownFileType = sourcecode.swift; path = OrderListTableViewCell.swift; sourceTree = "<group>"; };
		A5C4EA82267E837B0028F115 /* OrderListTableViewCell.xib */ = {isa = PBXFileReference; lastKnownFileType = file.xib; path = OrderListTableViewCell.xib; sourceTree = "<group>"; };
		A5C4EA8A267E86DA0028F115 /* OrderListCollectionViewCell.swift */ = {isa = PBXFileReference; lastKnownFileType = sourcecode.swift; path = OrderListCollectionViewCell.swift; sourceTree = "<group>"; };
		A5C4EA8B267E86DA0028F115 /* OrderListCollectionViewCell.xib */ = {isa = PBXFileReference; lastKnownFileType = file.xib; path = OrderListCollectionViewCell.xib; sourceTree = "<group>"; };
		F5D33DD6ACC4EF4B5C6C6AE1 /* Pods-softec-app-2021.debug.xcconfig */ = {isa = PBXFileReference; includeInIndex = 1; lastKnownFileType = text.xcconfig; name = "Pods-softec-app-2021.debug.xcconfig"; path = "Target Support Files/Pods-softec-app-2021/Pods-softec-app-2021.debug.xcconfig"; sourceTree = "<group>"; };
/* End PBXFileReference section */

/* Begin PBXFrameworksBuildPhase section */
		A5816D92267DD7ED00FE3A33 /* Frameworks */ = {
			isa = PBXFrameworksBuildPhase;
			buildActionMask = 2147483647;
			files = (
				13765BF615D0020AD2BD0025 /* Pods_softec_app_2021.framework in Frameworks */,
			);
			runOnlyForDeploymentPostprocessing = 0;
		};
/* End PBXFrameworksBuildPhase section */

/* Begin PBXGroup section */
		126312DF869FFB6B06F26A02 /* Frameworks */ = {
			isa = PBXGroup;
			children = (
				A174456D2619620CF02ECF6C /* Pods_softec_app_2021.framework */,
			);
			name = Frameworks;
			sourceTree = "<group>";
		};
		A530247B267EA07700976189 /* ProductAdd */ = {
			isa = PBXGroup;
			children = (
				A530247C267EA08800976189 /* ProductAddViewController.swift */,
				A5302485267EA20A00976189 /* ProductAddViewController+.swift */,
			);
			path = ProductAdd;
			sourceTree = "<group>";
		};
		A5302493267EB59600976189 /* Modals */ = {
			isa = PBXGroup;
			children = (
				A53B87B4267E094600D9E908 /* Business.swift */,
				A5302499267ECDE100976189 /* User.swift */,
			);
			path = Modals;
			sourceTree = "<group>";
		};
		A530249C267ED09300976189 /* Realm Modals */ = {
			isa = PBXGroup;
			children = (
				A530249D267ED0A300976189 /* RealmModels.swift */,
			);
			path = "Realm Modals";
			sourceTree = "<group>";
		};
		A53024A0267ED26800976189 /* Realm Handlers */ = {
			isa = PBXGroup;
			children = (
				A53024A1267ED27700976189 /* UserDBHandler.swift */,
				A53024A6267ED44F00976189 /* BusinessDBHandler.swift */,
			);
			path = "Realm Handlers";
			sourceTree = "<group>";
		};
		A53024A9267ED78500976189 /* Routing */ = {
			isa = PBXGroup;
			children = (
				A53024AE267EDFC800976189 /* BusinessDataModel.swift */,
				A53024AA267ED7A000976189 /* UserDataModel.swift */,
			);
			path = Routing;
			sourceTree = "<group>";
		};
		A53024B2267EE0A200976189 /* Phone Signup */ = {
			isa = PBXGroup;
			children = (
				A53024B3267EE0B100976189 /* Phone */,
				A53B87F9267E287000D9E908 /* OTP */,
			);
			path = "Phone Signup";
			sourceTree = "<group>";
		};
		A53024B3267EE0B100976189 /* Phone */ = {
			isa = PBXGroup;
			children = (
				A53024B4267EE0C000976189 /* PhoneNumberViewContoller.swift */,
			);
			path = Phone;
			sourceTree = "<group>";
		};
		A53024C6267EEEBA00976189 /* Order */ = {
			isa = PBXGroup;
			children = (
				A53024C8267EEEE000976189 /* CartViewController.swift */,
			);
			path = Order;
			sourceTree = "<group>";
		};
		A53024C7267EEEBF00976189 /* Search */ = {
			isa = PBXGroup;
			children = (
				A5302489267EAD0000976189 /* RegularSearchViewController.swift */,
				A530248F267EADCF00976189 /* RegularSearchViewController+.swift */,
			);
			path = Search;
			sourceTree = "<group>";
		};
		A53B87DD267E10A100D9E908 /* Extensions */ = {
			isa = PBXGroup;
			children = (
				A53B8804267E29B600D9E908 /* UITextField.swift */,
				A53B87DE267E10B200D9E908 /* UIButton+.swift */,
				A53B87EB267E148400D9E908 /* UIViewController+.swift */,
				A53B87FE267E28D800D9E908 /* UIStackView+.swift */,
			);
			path = Extensions;
			sourceTree = "<group>";
		};
		A53B87E3267E131500D9E908 /* Signup */ = {
			isa = PBXGroup;
			children = (
				A5816D9C267DD7ED00FE3A33 /* SignupViewController.swift */,
				A53B87E8267E133B00D9E908 /* SignupViewController+.swift */,
				A53B87E4267E132A00D9E908 /* PageVC.swift */,
			);
			path = Signup;
			sourceTree = "<group>";
		};
		A53B87EE267E14D600D9E908 /* Signup */ = {
			isa = PBXGroup;
			children = (
				A53B87EF267E14ED00D9E908 /* SignupView.swift */,
			);
			path = Signup;
			sourceTree = "<group>";
		};
		A53B87F4267E238E00D9E908 /* ProfileType */ = {
			isa = PBXGroup;
			children = (
				A53B87F5267E239F00D9E908 /* ProfileTypeViewController.swift */,
			);
			path = ProfileType;
			sourceTree = "<group>";
		};
		A53B87F9267E287000D9E908 /* OTP */ = {
			isa = PBXGroup;
			children = (
				A53B87FA267E287C00D9E908 /* OTPViewController.swift */,
				A53B8801267E28FD00D9E908 /* OTPViewController+.swift */,
			);
			path = OTP;
			sourceTree = "<group>";
		};
		A53B8807267E2DE700D9E908 /* Regular */ = {
			isa = PBXGroup;
			children = (
				A53B8832267E429D00D9E908 /* Register */,
				A53B8834267E42AC00D9E908 /* Home */,
			);
			path = Regular;
			sourceTree = "<group>";
		};
		A53B880B267E2E1900D9E908 /* Regular */ = {
			isa = PBXGroup;
			children = (
				A53B880C267E2E2600D9E908 /* RegularRegisterView.swift */,
				A53B882C267E423800D9E908 /* RegularHomeView.swift */,
				A530248C267EAD2400976189 /* RegularSearchView.swift */,
				A53024CC267EEF1E00976189 /* RegularCartView.swift */,
			);
			path = Regular;
			sourceTree = "<group>";
		};
		A53B881B267E412100D9E908 /* Business */ = {
			isa = PBXGroup;
			children = (
				A530247B267EA07700976189 /* ProductAdd */,
				A53B8839267E42CD00D9E908 /* Register */,
				A53B8838267E42C400D9E908 /* Home */,
			);
			path = Business;
			sourceTree = "<group>";
		};
		A53B8820267E418E00D9E908 /* Busniess */ = {
			isa = PBXGroup;
			children = (
				A5C4EA4C267E67150028F115 /* Xib */,
				A53B8821267E41A500D9E908 /* BusinessRegisterView.swift */,
				A53B8825267E41C500D9E908 /* BusinessCatalogView.swift */,
				A5C4EA7D267E82260028F115 /* OrderListView.swift */,
				A5302482267EA0FA00976189 /* ProductAddView.swift */,
			);
			path = Busniess;
			sourceTree = "<group>";
		};
		A53B8832267E429D00D9E908 /* Register */ = {
			isa = PBXGroup;
			children = (
				A53B8808267E2E0A00D9E908 /* RegularRegisterViewController.swift */,
				A53B8810267E35F500D9E908 /* RegularRegisterViewController+.swift */,
				A53024F3267EF73300976189 /* ReaderDiscoveryViewController.swift */,
			);
			path = Register;
			sourceTree = "<group>";
		};
		A53B8834267E42AC00D9E908 /* Home */ = {
			isa = PBXGroup;
			children = (
				A53024C7267EEEBF00976189 /* Search */,
				A53024C6267EEEBA00976189 /* Order */,
			);
			path = Home;
			sourceTree = "<group>";
		};
		A53B8838267E42C400D9E908 /* Home */ = {
			isa = PBXGroup;
			children = (
				A5C4EA75267E81310028F115 /* Order */,
				A5C4EA69267E7CE30028F115 /* Feedback */,
				A5C4EA67267E7CCD0028F115 /* Catalog */,
			);
			path = Home;
			sourceTree = "<group>";
		};
		A53B8839267E42CD00D9E908 /* Register */ = {
			isa = PBXGroup;
			children = (
				A53B881C267E417D00D9E908 /* BusinessRegisterViewController.swift */,
				A53B8829267E41F300D9E908 /* BusinessRegisterViewController+.swift */,
			);
			path = Register;
			sourceTree = "<group>";
		};
		A5816D8C267DD7ED00FE3A33 = {
			isa = PBXGroup;
			children = (
				A5816D97267DD7ED00FE3A33 /* softec-app-2021 */,
				A5816D96267DD7ED00FE3A33 /* Products */,
				AF5DA02BD3B7A02863292A7D /* Pods */,
				126312DF869FFB6B06F26A02 /* Frameworks */,
			);
			sourceTree = "<group>";
		};
		A5816D96267DD7ED00FE3A33 /* Products */ = {
			isa = PBXGroup;
			children = (
				A5816D95267DD7ED00FE3A33 /* softec-app-2021.app */,
			);
			name = Products;
			sourceTree = "<group>";
		};
		A5816D97267DD7ED00FE3A33 /* softec-app-2021 */ = {
			isa = PBXGroup;
			children = (
				A5816D98267DD7ED00FE3A33 /* AppDelegate.swift */,
				A5816D9A267DD7ED00FE3A33 /* SceneDelegate.swift */,
				A5816DB0267DDA6B00FE3A33 /* Model */,
				A5816DAE267DDA5700FE3A33 /* View */,
				A5816DAF267DDA6200FE3A33 /* Controller */,
				A5816DA6267DD7EF00FE3A33 /* Info.plist */,
				A53B87B0267E091100D9E908 /* GoogleService-Info.plist */,
				A5816DA1267DD7EF00FE3A33 /* Assets.xcassets */,
				A53024C3267EECF800976189 /* Localizable.strings */,
			);
			path = "softec-app-2021";
			sourceTree = "<group>";
		};
		A5816DAE267DDA5700FE3A33 /* View */ = {
			isa = PBXGroup;
			children = (
				A53B87EE267E14D600D9E908 /* Signup */,
				A53B8820267E418E00D9E908 /* Busniess */,
				A53B880B267E2E1900D9E908 /* Regular */,
				A5816D9E267DD7ED00FE3A33 /* Main.storyboard */,
				A5816DA3267DD7EF00FE3A33 /* LaunchScreen.storyboard */,
			);
			path = View;
			sourceTree = "<group>";
		};
		A5816DAF267DDA6200FE3A33 /* Controller */ = {
			isa = PBXGroup;
			children = (
				A53B87E3267E131500D9E908 /* Signup */,
				A53B87F4267E238E00D9E908 /* ProfileType */,
				A53024B2267EE0A200976189 /* Phone Signup */,
				A53B8807267E2DE700D9E908 /* Regular */,
				A53B881B267E412100D9E908 /* Business */,
				A53024F6267F03C700976189 /* CheckoutViewController.swift */,
			);
			path = Controller;
			sourceTree = "<group>";
		};
		A5816DB0267DDA6B00FE3A33 /* Model */ = {
			isa = PBXGroup;
			children = (
				A53024A9267ED78500976189 /* Routing */,
				A53024A0267ED26800976189 /* Realm Handlers */,
				A530249C267ED09300976189 /* Realm Modals */,
				A53B87DD267E10A100D9E908 /* Extensions */,
				A5302493267EB59600976189 /* Modals */,
				A53B8779267DE7C700D9E908 /* util.swift */,
				A53B877C267DE88800D9E908 /* Constants.swift */,
				A53B8813267E397A00D9E908 /* Validation.swift */,
				A5302495267EB5B100976189 /* PlaceMarker.swift */,
				A53B8816267E3FE300D9E908 /* ModelEnum.swift */,
				A53024CF267EF51F00976189 /* StripeClient.swift */,
			);
			path = Model;
			sourceTree = "<group>";
		};
		A5C4EA4C267E67150028F115 /* Xib */ = {
			isa = PBXGroup;
			children = (
				A5C4EA80267E83620028F115 /* Order */,
				A5C4EA60267E793D0028F115 /* Feedback */,
				A5C4EA55267E68B20028F115 /* Product */,
				A5C4EA53267E68AA0028F115 /* Category */,
			);
			path = Xib;
			sourceTree = "<group>";
		};
		A5C4EA53267E68AA0028F115 /* Category */ = {
			isa = PBXGroup;
			children = (
				A5C4EA4D267E67410028F115 /* CategoryCollectionViewCell.swift */,
				A5C4EA4E267E67410028F115 /* CategoryCollectionViewCell.xib */,
			);
			path = Category;
			sourceTree = "<group>";
		};
		A5C4EA55267E68B20028F115 /* Product */ = {
			isa = PBXGroup;
			children = (
				A5C4EA56267E68C80028F115 /* ProductCollectionViewCell.swift */,
				A5C4EA57267E68C80028F115 /* ProductCollectionViewCell.xib */,
			);
			path = Product;
			sourceTree = "<group>";
		};
		A5C4EA60267E793D0028F115 /* Feedback */ = {
			isa = PBXGroup;
			children = (
				A5C4EA61267E7A340028F115 /* FeedbackTableViewCell.swift */,
				A5C4EA62267E7A340028F115 /* FeedbackTableViewCell.xib */,
			);
			path = Feedback;
			sourceTree = "<group>";
		};
		A5C4EA67267E7CCD0028F115 /* Catalog */ = {
			isa = PBXGroup;
			children = (
				A53B883A267E42E200D9E908 /* BusinessCatalogViewController.swift */,
				A5C4EA5C267E69C80028F115 /* BusinessCatalogViewController+.swift */,
			);
			path = Catalog;
			sourceTree = "<group>";
		};
		A5C4EA69267E7CE30028F115 /* Feedback */ = {
			isa = PBXGroup;
			children = (
				A5C4EA6F267E7D250028F115 /* FeedbackViewController.swift */,
				A5C4EA72267E7DEB0028F115 /* FeedbackViewController+.swift */,
			);
			path = Feedback;
			sourceTree = "<group>";
		};
		A5C4EA75267E81310028F115 /* Order */ = {
			isa = PBXGroup;
			children = (
				A5C4EA76267E81510028F115 /* OrderListViewController.swift */,
				A5C4EA7A267E81D10028F115 /* OrderListViewController+.swift */,
			);
			path = Order;
			sourceTree = "<group>";
		};
		A5C4EA80267E83620028F115 /* Order */ = {
			isa = PBXGroup;
			children = (
				A5C4EA89267E86C10028F115 /* Collection */,
				A5C4EA88267E86B40028F115 /* Table */,
			);
			path = Order;
			sourceTree = "<group>";
		};
		A5C4EA88267E86B40028F115 /* Table */ = {
			isa = PBXGroup;
			children = (
				A5C4EA81267E837B0028F115 /* OrderListTableViewCell.swift */,
				A5C4EA82267E837B0028F115 /* OrderListTableViewCell.xib */,
			);
			path = Table;
			sourceTree = "<group>";
		};
		A5C4EA89267E86C10028F115 /* Collection */ = {
			isa = PBXGroup;
			children = (
				A5C4EA8A267E86DA0028F115 /* OrderListCollectionViewCell.swift */,
				A5C4EA8B267E86DA0028F115 /* OrderListCollectionViewCell.xib */,
			);
			path = Collection;
			sourceTree = "<group>";
		};
		AF5DA02BD3B7A02863292A7D /* Pods */ = {
			isa = PBXGroup;
			children = (
				F5D33DD6ACC4EF4B5C6C6AE1 /* Pods-softec-app-2021.debug.xcconfig */,
				68BED80A6A823E4C0BDE6ECE /* Pods-softec-app-2021.release.xcconfig */,
			);
			path = Pods;
			sourceTree = "<group>";
		};
/* End PBXGroup section */

/* Begin PBXNativeTarget section */
		A5816D94267DD7ED00FE3A33 /* softec-app-2021 */ = {
			isa = PBXNativeTarget;
			buildConfigurationList = A5816DA9267DD7EF00FE3A33 /* Build configuration list for PBXNativeTarget "softec-app-2021" */;
			buildPhases = (
				F9513EE81AF1E830B8D2276F /* [CP] Check Pods Manifest.lock */,
				A5816D91267DD7ED00FE3A33 /* Sources */,
				A5816D92267DD7ED00FE3A33 /* Frameworks */,
				A5816D93267DD7ED00FE3A33 /* Resources */,
				3ADC99B9D786476F548963B6 /* [CP] Embed Pods Frameworks */,
				BD9BD85D9E1076018E709C5A /* [CP] Copy Pods Resources */,
			);
			buildRules = (
			);
			dependencies = (
			);
			name = "softec-app-2021";
			productName = "softec-app-2021";
			productReference = A5816D95267DD7ED00FE3A33 /* softec-app-2021.app */;
			productType = "com.apple.product-type.application";
		};
/* End PBXNativeTarget section */

/* Begin PBXProject section */
		A5816D8D267DD7ED00FE3A33 /* Project object */ = {
			isa = PBXProject;
			attributes = {
				LastSwiftUpdateCheck = 1240;
				LastUpgradeCheck = 1240;
				TargetAttributes = {
					A5816D94267DD7ED00FE3A33 = {
						CreatedOnToolsVersion = 12.4;
					};
				};
			};
			buildConfigurationList = A5816D90267DD7ED00FE3A33 /* Build configuration list for PBXProject "softec-app-2021" */;
			compatibilityVersion = "Xcode 9.3";
			developmentRegion = en;
			hasScannedForEncodings = 0;
			knownRegions = (
				en,
				Base,
				fr,
			);
			mainGroup = A5816D8C267DD7ED00FE3A33;
			productRefGroup = A5816D96267DD7ED00FE3A33 /* Products */;
			projectDirPath = "";
			projectRoot = "";
			targets = (
				A5816D94267DD7ED00FE3A33 /* softec-app-2021 */,
			);
		};
/* End PBXProject section */

/* Begin PBXResourcesBuildPhase section */
		A5816D93267DD7ED00FE3A33 /* Resources */ = {
			isa = PBXResourcesBuildPhase;
			buildActionMask = 2147483647;
			files = (
				A5816DA5267DD7EF00FE3A33 /* LaunchScreen.storyboard in Resources */,
				A5C4EA50267E67410028F115 /* CategoryCollectionViewCell.xib in Resources */,
				A5C4EA59267E68C80028F115 /* ProductCollectionViewCell.xib in Resources */,
				A5C4EA64267E7A340028F115 /* FeedbackTableViewCell.xib in Resources */,
				A5816DA2267DD7EF00FE3A33 /* Assets.xcassets in Resources */,
				A53024C1267EECF800976189 /* Localizable.strings in Resources */,
				A5816DA0267DD7ED00FE3A33 /* Main.storyboard in Resources */,
				A5C4EA84267E837B0028F115 /* OrderListTableViewCell.xib in Resources */,
				A5C4EA8D267E86DA0028F115 /* OrderListCollectionViewCell.xib in Resources */,
				A53B87B1267E091100D9E908 /* GoogleService-Info.plist in Resources */,
			);
			runOnlyForDeploymentPostprocessing = 0;
		};
/* End PBXResourcesBuildPhase section */

/* Begin PBXShellScriptBuildPhase section */
		3ADC99B9D786476F548963B6 /* [CP] Embed Pods Frameworks */ = {
			isa = PBXShellScriptBuildPhase;
			buildActionMask = 2147483647;
			files = (
			);
			inputFileListPaths = (
				"${PODS_ROOT}/Target Support Files/Pods-softec-app-2021/Pods-softec-app-2021-frameworks-${CONFIGURATION}-input-files.xcfilelist",
			);
			name = "[CP] Embed Pods Frameworks";
			outputFileListPaths = (
				"${PODS_ROOT}/Target Support Files/Pods-softec-app-2021/Pods-softec-app-2021-frameworks-${CONFIGURATION}-output-files.xcfilelist",
			);
			runOnlyForDeploymentPostprocessing = 0;
			shellPath = /bin/sh;
			shellScript = "\"${PODS_ROOT}/Target Support Files/Pods-softec-app-2021/Pods-softec-app-2021-frameworks.sh\"\n";
			showEnvVarsInLog = 0;
		};
		BD9BD85D9E1076018E709C5A /* [CP] Copy Pods Resources */ = {
			isa = PBXShellScriptBuildPhase;
			buildActionMask = 2147483647;
			files = (
			);
			inputFileListPaths = (
				"${PODS_ROOT}/Target Support Files/Pods-softec-app-2021/Pods-softec-app-2021-resources-${CONFIGURATION}-input-files.xcfilelist",
			);
			name = "[CP] Copy Pods Resources";
			outputFileListPaths = (
				"${PODS_ROOT}/Target Support Files/Pods-softec-app-2021/Pods-softec-app-2021-resources-${CONFIGURATION}-output-files.xcfilelist",
			);
			runOnlyForDeploymentPostprocessing = 0;
			shellPath = /bin/sh;
			shellScript = "\"${PODS_ROOT}/Target Support Files/Pods-softec-app-2021/Pods-softec-app-2021-resources.sh\"\n";
			showEnvVarsInLog = 0;
		};
		F9513EE81AF1E830B8D2276F /* [CP] Check Pods Manifest.lock */ = {
			isa = PBXShellScriptBuildPhase;
			buildActionMask = 2147483647;
			files = (
			);
			inputFileListPaths = (
			);
			inputPaths = (
				"${PODS_PODFILE_DIR_PATH}/Podfile.lock",
				"${PODS_ROOT}/Manifest.lock",
			);
			name = "[CP] Check Pods Manifest.lock";
			outputFileListPaths = (
			);
			outputPaths = (
				"$(DERIVED_FILE_DIR)/Pods-softec-app-2021-checkManifestLockResult.txt",
			);
			runOnlyForDeploymentPostprocessing = 0;
			shellPath = /bin/sh;
			shellScript = "diff \"${PODS_PODFILE_DIR_PATH}/Podfile.lock\" \"${PODS_ROOT}/Manifest.lock\" > /dev/null\nif [ $? != 0 ] ; then\n    # print error to STDERR\n    echo \"error: The sandbox is not in sync with the Podfile.lock. Run 'pod install' or update your CocoaPods installation.\" >&2\n    exit 1\nfi\n# This output is used by Xcode 'outputs' to avoid re-running this script phase.\necho \"SUCCESS\" > \"${SCRIPT_OUTPUT_FILE_0}\"\n";
			showEnvVarsInLog = 0;
		};
/* End PBXShellScriptBuildPhase section */

/* Begin PBXSourcesBuildPhase section */
		A5816D91267DD7ED00FE3A33 /* Sources */ = {
			isa = PBXSourcesBuildPhase;
			buildActionMask = 2147483647;
			files = (
				A53024F7267F03C700976189 /* CheckoutViewController.swift in Sources */,
				A530249E267ED0A300976189 /* RealmModels.swift in Sources */,
				A5302486267EA20A00976189 /* ProductAddViewController+.swift in Sources */,
				A53B882D267E423800D9E908 /* RegularHomeView.swift in Sources */,
				A53024C9267EEEE000976189 /* CartViewController.swift in Sources */,
				A53B8811267E35F500D9E908 /* RegularRegisterViewController+.swift in Sources */,
				A53B881D267E417D00D9E908 /* BusinessRegisterViewController.swift in Sources */,
				A53B8817267E3FE300D9E908 /* ModelEnum.swift in Sources */,
				A53024CD267EEF1E00976189 /* RegularCartView.swift in Sources */,
				A5C4EA5D267E69C80028F115 /* BusinessCatalogViewController+.swift in Sources */,
				A53B877D267DE88800D9E908 /* Constants.swift in Sources */,
				A530248D267EAD2400976189 /* RegularSearchView.swift in Sources */,
				A5302483267EA0FA00976189 /* ProductAddView.swift in Sources */,
				A5C4EA83267E837B0028F115 /* OrderListTableViewCell.swift in Sources */,
				A5C4EA4F267E67410028F115 /* CategoryCollectionViewCell.swift in Sources */,
				A53B8809267E2E0A00D9E908 /* RegularRegisterViewController.swift in Sources */,
				A53024AF267EDFC800976189 /* BusinessDataModel.swift in Sources */,
				A5816D9D267DD7ED00FE3A33 /* SignupViewController.swift in Sources */,
				A53B87FB267E287C00D9E908 /* OTPViewController.swift in Sources */,
				A5C4EA77267E81510028F115 /* OrderListViewController.swift in Sources */,
				A5302496267EB5B100976189 /* PlaceMarker.swift in Sources */,
				A53024AB267ED7A000976189 /* UserDataModel.swift in Sources */,
				A5C4EA8C267E86DA0028F115 /* OrderListCollectionViewCell.swift in Sources */,
				A530248A267EAD0000976189 /* RegularSearchViewController.swift in Sources */,
				A53B882A267E41F300D9E908 /* BusinessRegisterViewController+.swift in Sources */,
				A53024F4267EF73300976189 /* ReaderDiscoveryViewController.swift in Sources */,
				A53B880D267E2E2600D9E908 /* RegularRegisterView.swift in Sources */,
				A53B883B267E42E200D9E908 /* BusinessCatalogViewController.swift in Sources */,
				A53024A7267ED44F00976189 /* BusinessDBHandler.swift in Sources */,
				A5C4EA70267E7D250028F115 /* FeedbackViewController.swift in Sources */,
				A530249A267ECDE100976189 /* User.swift in Sources */,
				A53B8805267E29B600D9E908 /* UITextField.swift in Sources */,
				A53B8826267E41C500D9E908 /* BusinessCatalogView.swift in Sources */,
				A53B8802267E28FD00D9E908 /* OTPViewController+.swift in Sources */,
				A5C4EA7B267E81D10028F115 /* OrderListViewController+.swift in Sources */,
				A53B87EC267E148400D9E908 /* UIViewController+.swift in Sources */,
				A5816D99267DD7ED00FE3A33 /* AppDelegate.swift in Sources */,
				A53B87F6267E239F00D9E908 /* ProfileTypeViewController.swift in Sources */,
				A53B87B5267E094600D9E908 /* Business.swift in Sources */,
				A5C4EA7E267E82260028F115 /* OrderListView.swift in Sources */,
				A53024A2267ED27700976189 /* UserDBHandler.swift in Sources */,
				A53024B5267EE0C000976189 /* PhoneNumberViewContoller.swift in Sources */,
				A53B87FF267E28D800D9E908 /* UIStackView+.swift in Sources */,
				A5C4EA73267E7DEB0028F115 /* FeedbackViewController+.swift in Sources */,
				A5816D9B267DD7ED00FE3A33 /* SceneDelegate.swift in Sources */,
				A53024D0267EF51F00976189 /* StripeClient.swift in Sources */,
				A5C4EA58267E68C80028F115 /* ProductCollectionViewCell.swift in Sources */,
				A53B87E5267E132A00D9E908 /* PageVC.swift in Sources */,
				A53B877A267DE7C700D9E908 /* util.swift in Sources */,
				A53B8822267E41A500D9E908 /* BusinessRegisterView.swift in Sources */,
				A530247D267EA08800976189 /* ProductAddViewController.swift in Sources */,
				A53B87DF267E10B200D9E908 /* UIButton+.swift in Sources */,
				A5302490267EADCF00976189 /* RegularSearchViewController+.swift in Sources */,
				A53B87F0267E14ED00D9E908 /* SignupView.swift in Sources */,
				A53B8814267E397A00D9E908 /* Validation.swift in Sources */,
				A5C4EA63267E7A340028F115 /* FeedbackTableViewCell.swift in Sources */,
				A53B87E9267E133B00D9E908 /* SignupViewController+.swift in Sources */,
			);
			runOnlyForDeploymentPostprocessing = 0;
		};
/* End PBXSourcesBuildPhase section */

/* Begin PBXVariantGroup section */
		A53024C3267EECF800976189 /* Localizable.strings */ = {
			isa = PBXVariantGroup;
			children = (
				A53024C2267EECF800976189 /* en */,
				A53024C5267EED0200976189 /* fr */,
			);
			name = Localizable.strings;
			sourceTree = "<group>";
		};
		A5816D9E267DD7ED00FE3A33 /* Main.storyboard */ = {
			isa = PBXVariantGroup;
			children = (
				A5816D9F267DD7ED00FE3A33 /* Base */,
				A53024BD267EEC0E00976189 /* fr */,
			);
			name = Main.storyboard;
			sourceTree = "<group>";
		};
		A5816DA3267DD7EF00FE3A33 /* LaunchScreen.storyboard */ = {
			isa = PBXVariantGroup;
			children = (
				A5816DA4267DD7EF00FE3A33 /* Base */,
			);
			name = LaunchScreen.storyboard;
			sourceTree = "<group>";
		};
/* End PBXVariantGroup section */

/* Begin XCBuildConfiguration section */
		A5816DA7267DD7EF00FE3A33 /* Debug */ = {
			isa = XCBuildConfiguration;
			buildSettings = {
				ALWAYS_SEARCH_USER_PATHS = NO;
				CLANG_ANALYZER_LOCALIZABILITY_NONLOCALIZED = YES;
				CLANG_ANALYZER_NONNULL = YES;
				CLANG_ANALYZER_NUMBER_OBJECT_CONVERSION = YES_AGGRESSIVE;
				CLANG_CXX_LANGUAGE_STANDARD = "gnu++14";
				CLANG_CXX_LIBRARY = "libc++";
				CLANG_ENABLE_MODULES = YES;
				CLANG_ENABLE_OBJC_ARC = YES;
				CLANG_ENABLE_OBJC_WEAK = YES;
				CLANG_WARN_BLOCK_CAPTURE_AUTORELEASING = YES;
				CLANG_WARN_BOOL_CONVERSION = YES;
				CLANG_WARN_COMMA = YES;
				CLANG_WARN_CONSTANT_CONVERSION = YES;
				CLANG_WARN_DEPRECATED_OBJC_IMPLEMENTATIONS = YES;
				CLANG_WARN_DIRECT_OBJC_ISA_USAGE = YES_ERROR;
				CLANG_WARN_DOCUMENTATION_COMMENTS = YES;
				CLANG_WARN_EMPTY_BODY = YES;
				CLANG_WARN_ENUM_CONVERSION = YES;
				CLANG_WARN_INFINITE_RECURSION = YES;
				CLANG_WARN_INT_CONVERSION = YES;
				CLANG_WARN_NON_LITERAL_NULL_CONVERSION = YES;
				CLANG_WARN_OBJC_IMPLICIT_RETAIN_SELF = YES;
				CLANG_WARN_OBJC_LITERAL_CONVERSION = YES;
				CLANG_WARN_OBJC_ROOT_CLASS = YES_ERROR;
				CLANG_WARN_QUOTED_INCLUDE_IN_FRAMEWORK_HEADER = YES;
				CLANG_WARN_RANGE_LOOP_ANALYSIS = YES;
				CLANG_WARN_STRICT_PROTOTYPES = YES;
				CLANG_WARN_SUSPICIOUS_MOVE = YES;
				CLANG_WARN_UNGUARDED_AVAILABILITY = YES_AGGRESSIVE;
				CLANG_WARN_UNREACHABLE_CODE = YES;
				CLANG_WARN__DUPLICATE_METHOD_MATCH = YES;
				COPY_PHASE_STRIP = NO;
				DEBUG_INFORMATION_FORMAT = dwarf;
				ENABLE_STRICT_OBJC_MSGSEND = YES;
				ENABLE_TESTABILITY = YES;
				GCC_C_LANGUAGE_STANDARD = gnu11;
				GCC_DYNAMIC_NO_PIC = NO;
				GCC_NO_COMMON_BLOCKS = YES;
				GCC_OPTIMIZATION_LEVEL = 0;
				GCC_PREPROCESSOR_DEFINITIONS = (
					"DEBUG=1",
					"$(inherited)",
				);
				GCC_WARN_64_TO_32_BIT_CONVERSION = YES;
				GCC_WARN_ABOUT_RETURN_TYPE = YES_ERROR;
				GCC_WARN_UNDECLARED_SELECTOR = YES;
				GCC_WARN_UNINITIALIZED_AUTOS = YES_AGGRESSIVE;
				GCC_WARN_UNUSED_FUNCTION = YES;
				GCC_WARN_UNUSED_VARIABLE = YES;
				IPHONEOS_DEPLOYMENT_TARGET = 14.4;
				MTL_ENABLE_DEBUG_INFO = INCLUDE_SOURCE;
				MTL_FAST_MATH = YES;
				ONLY_ACTIVE_ARCH = YES;
				SDKROOT = iphoneos;
				SWIFT_ACTIVE_COMPILATION_CONDITIONS = DEBUG;
				SWIFT_OPTIMIZATION_LEVEL = "-Onone";
			};
			name = Debug;
		};
		A5816DA8267DD7EF00FE3A33 /* Release */ = {
			isa = XCBuildConfiguration;
			buildSettings = {
				ALWAYS_SEARCH_USER_PATHS = NO;
				CLANG_ANALYZER_LOCALIZABILITY_NONLOCALIZED = YES;
				CLANG_ANALYZER_NONNULL = YES;
				CLANG_ANALYZER_NUMBER_OBJECT_CONVERSION = YES_AGGRESSIVE;
				CLANG_CXX_LANGUAGE_STANDARD = "gnu++14";
				CLANG_CXX_LIBRARY = "libc++";
				CLANG_ENABLE_MODULES = YES;
				CLANG_ENABLE_OBJC_ARC = YES;
				CLANG_ENABLE_OBJC_WEAK = YES;
				CLANG_WARN_BLOCK_CAPTURE_AUTORELEASING = YES;
				CLANG_WARN_BOOL_CONVERSION = YES;
				CLANG_WARN_COMMA = YES;
				CLANG_WARN_CONSTANT_CONVERSION = YES;
				CLANG_WARN_DEPRECATED_OBJC_IMPLEMENTATIONS = YES;
				CLANG_WARN_DIRECT_OBJC_ISA_USAGE = YES_ERROR;
				CLANG_WARN_DOCUMENTATION_COMMENTS = YES;
				CLANG_WARN_EMPTY_BODY = YES;
				CLANG_WARN_ENUM_CONVERSION = YES;
				CLANG_WARN_INFINITE_RECURSION = YES;
				CLANG_WARN_INT_CONVERSION = YES;
				CLANG_WARN_NON_LITERAL_NULL_CONVERSION = YES;
				CLANG_WARN_OBJC_IMPLICIT_RETAIN_SELF = YES;
				CLANG_WARN_OBJC_LITERAL_CONVERSION = YES;
				CLANG_WARN_OBJC_ROOT_CLASS = YES_ERROR;
				CLANG_WARN_QUOTED_INCLUDE_IN_FRAMEWORK_HEADER = YES;
				CLANG_WARN_RANGE_LOOP_ANALYSIS = YES;
				CLANG_WARN_STRICT_PROTOTYPES = YES;
				CLANG_WARN_SUSPICIOUS_MOVE = YES;
				CLANG_WARN_UNGUARDED_AVAILABILITY = YES_AGGRESSIVE;
				CLANG_WARN_UNREACHABLE_CODE = YES;
				CLANG_WARN__DUPLICATE_METHOD_MATCH = YES;
				COPY_PHASE_STRIP = NO;
				DEBUG_INFORMATION_FORMAT = "dwarf-with-dsym";
				ENABLE_NS_ASSERTIONS = NO;
				ENABLE_STRICT_OBJC_MSGSEND = YES;
				GCC_C_LANGUAGE_STANDARD = gnu11;
				GCC_NO_COMMON_BLOCKS = YES;
				GCC_WARN_64_TO_32_BIT_CONVERSION = YES;
				GCC_WARN_ABOUT_RETURN_TYPE = YES_ERROR;
				GCC_WARN_UNDECLARED_SELECTOR = YES;
				GCC_WARN_UNINITIALIZED_AUTOS = YES_AGGRESSIVE;
				GCC_WARN_UNUSED_FUNCTION = YES;
				GCC_WARN_UNUSED_VARIABLE = YES;
				IPHONEOS_DEPLOYMENT_TARGET = 14.4;
				MTL_ENABLE_DEBUG_INFO = NO;
				MTL_FAST_MATH = YES;
				SDKROOT = iphoneos;
				SWIFT_COMPILATION_MODE = wholemodule;
				SWIFT_OPTIMIZATION_LEVEL = "-O";
				VALIDATE_PRODUCT = YES;
			};
			name = Release;
		};
		A5816DAA267DD7EF00FE3A33 /* Debug */ = {
			isa = XCBuildConfiguration;
			baseConfigurationReference = F5D33DD6ACC4EF4B5C6C6AE1 /* Pods-softec-app-2021.debug.xcconfig */;
			buildSettings = {
				ASSETCATALOG_COMPILER_APPICON_NAME = AppIcon;
				ASSETCATALOG_COMPILER_GLOBAL_ACCENT_COLOR_NAME = AccentColor;
				CODE_SIGN_STYLE = Automatic;
				DEVELOPMENT_TEAM = NZG243XZTN;
				INFOPLIST_FILE = "softec-app-2021/Info.plist";
				IPHONEOS_DEPLOYMENT_TARGET = 14.1;
				LD_RUNPATH_SEARCH_PATHS = (
					"$(inherited)",
					"@executable_path/Frameworks",
				);
				PRODUCT_BUNDLE_IDENTIFIER = "com.grayhatgarrison.softec-app-2021";
				PRODUCT_NAME = "$(TARGET_NAME)";
				SWIFT_VERSION = 5.0;
				TARGETED_DEVICE_FAMILY = "1,2";
			};
			name = Debug;
		};
		A5816DAB267DD7EF00FE3A33 /* Release */ = {
			isa = XCBuildConfiguration;
			baseConfigurationReference = 68BED80A6A823E4C0BDE6ECE /* Pods-softec-app-2021.release.xcconfig */;
			buildSettings = {
				ASSETCATALOG_COMPILER_APPICON_NAME = AppIcon;
				ASSETCATALOG_COMPILER_GLOBAL_ACCENT_COLOR_NAME = AccentColor;
				CODE_SIGN_STYLE = Automatic;
				DEVELOPMENT_TEAM = NZG243XZTN;
				INFOPLIST_FILE = "softec-app-2021/Info.plist";
				IPHONEOS_DEPLOYMENT_TARGET = 14.1;
				LD_RUNPATH_SEARCH_PATHS = (
					"$(inherited)",
					"@executable_path/Frameworks",
				);
				PRODUCT_BUNDLE_IDENTIFIER = "com.grayhatgarrison.softec-app-2021";
				PRODUCT_NAME = "$(TARGET_NAME)";
				SWIFT_VERSION = 5.0;
				TARGETED_DEVICE_FAMILY = "1,2";
			};
			name = Release;
		};
/* End XCBuildConfiguration section */

/* Begin XCConfigurationList section */
		A5816D90267DD7ED00FE3A33 /* Build configuration list for PBXProject "softec-app-2021" */ = {
			isa = XCConfigurationList;
			buildConfigurations = (
				A5816DA7267DD7EF00FE3A33 /* Debug */,
				A5816DA8267DD7EF00FE3A33 /* Release */,
			);
			defaultConfigurationIsVisible = 0;
			defaultConfigurationName = Release;
		};
		A5816DA9267DD7EF00FE3A33 /* Build configuration list for PBXNativeTarget "softec-app-2021" */ = {
			isa = XCConfigurationList;
			buildConfigurations = (
				A5816DAA267DD7EF00FE3A33 /* Debug */,
				A5816DAB267DD7EF00FE3A33 /* Release */,
			);
			defaultConfigurationIsVisible = 0;
			defaultConfigurationName = Release;
		};
/* End XCConfigurationList section */
	};
	rootObject = A5816D8D267DD7ED00FE3A33 /* Project object */;
}
